
Microsoft Visual Studio Solution File, Format Version 12.00
# Visual Studio Version 17
VisualStudioVersion = 17.5.33627.172
MinimumVisualStudioVersion = 10.0.40219.1
Project("{FAE04EC0-301F-11D3-BF4B-00C04F79EFBC}") = "ApplicationInsightTest", "ApplicationInsightTest.csproj", "{D2826ED6-0EE5-4CCD-ABC4-0D434A9CACBD}"
EndProject
Global
	GlobalSection(SolutionConfigurationPlatforms) = preSolution
		Debug|Any CPU = Debug|Any CPU
		Release|Any CPU = Release|Any CPU
	EndGlobalSection
	GlobalSection(ProjectConfigurationPlatforms) = postSolution
		{D2826ED6-0EE5-4CCD-ABC4-0D434A9CACBD}.Debug|Any CPU.ActiveCfg = Debug|Any CPU
		{D2826ED6-0EE5-4CCD-ABC4-0D434A9CACBD}.Debug|Any CPU.Build.0 = Debug|Any CPU
		{D2826ED6-0EE5-4CCD-ABC4-0D434A9CACBD}.Release|Any CPU.ActiveCfg = Release|Any CPU
		{D2826ED6-0EE5-4CCD-ABC4-0D434A9CACBD}.Release|Any CPU.Build.0 = Release|Any CPU
	EndGlobalSection
	GlobalSection(SolutionProperties) = preSolution
		HideSolutionNode = FALSE
	EndGlobalSection
	GlobalSection(ExtensibilityGlobals) = postSolution
		SolutionGuid = {5BB79CCF-89DB-409F-B56C-D664F0928E69}
	EndGlobalSection
EndGlobal
